
Microsoft Visual Studio Solution File, Format Version 12.00
Project("{FAE04EC0-301F-11D3-BF4B-00C04F79EFBC}") = "EventSourcingGdpr.ForgettablePayloads", "EventSourcingGdpr.ForgettablePayloads\EventSourcingGdpr.ForgettablePayloads.csproj", "{B6DDA3FB-237E-416F-8AA7-29C84F9190E1}"
EndProject
Project("{FAE04EC0-301F-11D3-BF4B-00C04F79EFBC}") = "EventSourcingGdpr.PoorMansCompliance", "EventSourcingGdpr.PoorMansCompliance\EventSourcingGdpr.PoorMansCompliance.csproj", "{4C66F694-2354-41C0-81E6-3F898F439054}"
EndProject
Project("{FAE04EC0-301F-11D3-BF4B-00C04F79EFBC}") = "EventSourcingGdpr.Cryptoshredding", "EventSourcingGdpr.Cryptoshredding\EventSourcingGdpr.Cryptoshredding.csproj", "{A2448265-E78D-404E-B0FC-1F895AC00880}"
EndProject
Project("{FAE04EC0-301F-11D3-BF4B-00C04F79EFBC}") = "EventSourcingGdpr.StreamMigration", "EventSourcingGdpr.StreamMigration\EventSourcingGdpr.StreamMigration.csproj", "{41D0A4CE-715F-45D1-83C6-FAE682DC0F32}"
EndProject
Global
	GlobalSection(SolutionConfigurationPlatforms) = preSolution
		Debug|Any CPU = Debug|Any CPU
		Release|Any CPU = Release|Any CPU
	EndGlobalSection
	GlobalSection(ProjectConfigurationPlatforms) = postSolution
		{B6DDA3FB-237E-416F-8AA7-29C84F9190E1}.Debug|Any CPU.ActiveCfg = Debug|Any CPU
		{B6DDA3FB-237E-416F-8AA7-29C84F9190E1}.Debug|Any CPU.Build.0 = Debug|Any CPU
		{B6DDA3FB-237E-416F-8AA7-29C84F9190E1}.Release|Any CPU.ActiveCfg = Release|Any CPU
		{B6DDA3FB-237E-416F-8AA7-29C84F9190E1}.Release|Any CPU.Build.0 = Release|Any CPU
		{4C66F694-2354-41C0-81E6-3F898F439054}.Debug|Any CPU.ActiveCfg = Debug|Any CPU
		{4C66F694-2354-41C0-81E6-3F898F439054}.Debug|Any CPU.Build.0 = Debug|Any CPU
		{4C66F694-2354-41C0-81E6-3F898F439054}.Release|Any CPU.ActiveCfg = Release|Any CPU
		{4C66F694-2354-41C0-81E6-3F898F439054}.Release|Any CPU.Build.0 = Release|Any CPU
		{A2448265-E78D-404E-B0FC-1F895AC00880}.Debug|Any CPU.ActiveCfg = Debug|Any CPU
		{A2448265-E78D-404E-B0FC-1F895AC00880}.Debug|Any CPU.Build.0 = Debug|Any CPU
		{A2448265-E78D-404E-B0FC-1F895AC00880}.Release|Any CPU.ActiveCfg = Release|Any CPU
		{A2448265-E78D-404E-B0FC-1F895AC00880}.Release|Any CPU.Build.0 = Release|Any CPU
		{41D0A4CE-715F-45D1-83C6-FAE682DC0F32}.Debug|Any CPU.ActiveCfg = Debug|Any CPU
		{41D0A4CE-715F-45D1-83C6-FAE682DC0F32}.Debug|Any CPU.Build.0 = Debug|Any CPU
		{41D0A4CE-715F-45D1-83C6-FAE682DC0F32}.Release|Any CPU.ActiveCfg = Release|Any CPU
		{41D0A4CE-715F-45D1-83C6-FAE682DC0F32}.Release|Any CPU.Build.0 = Release|Any CPU
	EndGlobalSection
EndGlobal
